// !$*UTF8*$!
{
	archiveVersion = 1;
	classes = {
	};
	objectVersion = 46;
	objects = {

/* Begin PBXBuildFile section */
		C88476921E9031BB00CDB8CC /* main.cpp in Sources */ = {isa = PBXBuildFile; fileRef = C88476911E9031BB00CDB8CC /* main.cpp */; };
		C884769A1E9033B300CDB8CC /* FourRussiansRNA.cpp in Sources */ = {isa = PBXBuildFile; fileRef = C88476991E9033B300CDB8CC /* FourRussiansRNA.cpp */; };
/* End PBXBuildFile section */

/* Begin PBXCopyFilesBuildPhase section */
		C884768C1E9031BB00CDB8CC /* CopyFiles */ = {
			isa = PBXCopyFilesBuildPhase;
			buildActionMask = 2147483647;
			dstPath = /usr/share/man/man1/;
			dstSubfolderSpec = 0;
			files = (
			);
			runOnlyForDeploymentPostprocessing = 1;
		};
/* End PBXCopyFilesBuildPhase section */

/* Begin PBXFileReference section */
		C884768E1E9031BB00CDB8CC /* FourRussiansRNA */ = {isa = PBXFileReference; explicitFileType = "compiled.mach-o.executable"; includeInIndex = 0; path = FourRussiansRNA; sourceTree = BUILT_PRODUCTS_DIR; };
		C88476911E9031BB00CDB8CC /* main.cpp */ = {isa = PBXFileReference; lastKnownFileType = sourcecode.cpp.cpp; path = main.cpp; sourceTree = "<group>"; };
		C88476981E90339B00CDB8CC /* FourRussiansRNA.hpp */ = {isa = PBXFileReference; lastKnownFileType = sourcecode.cpp.h; path = FourRussiansRNA.hpp; sourceTree = "<group>"; };
		C88476991E9033B300CDB8CC /* FourRussiansRNA.cpp */ = {isa = PBXFileReference; fileEncoding = 4; lastKnownFileType = sourcecode.cpp.cpp; path = FourRussiansRNA.cpp; sourceTree = "<group>"; };
/* End PBXFileReference section */

/* Begin PBXFrameworksBuildPhase section */
		C884768B1E9031BB00CDB8CC /* Frameworks */ = {
			isa = PBXFrameworksBuildPhase;
			buildActionMask = 2147483647;
			files = (
			);
			runOnlyForDeploymentPostprocessing = 0;
		};
/* End PBXFrameworksBuildPhase section */

/* Begin PBXGroup section */
		C88476851E9031BB00CDB8CC = {
			isa = PBXGroup;
			children = (
				C88476901E9031BB00CDB8CC /* FourRussiansRNA */,
				C884768F1E9031BB00CDB8CC /* Products */,
			);
			sourceTree = "<group>";
		};
		C884768F1E9031BB00CDB8CC /* Products */ = {
			isa = PBXGroup;
			children = (
				C884768E1E9031BB00CDB8CC /* FourRussiansRNA */,
			);
			name = Products;
			sourceTree = "<group>";
		};
		C88476901E9031BB00CDB8CC /* FourRussiansRNA */ = {
			isa = PBXGroup;
			children = (
				C88476911E9031BB00CDB8CC /* main.cpp */,
				C88476981E90339B00CDB8CC /* FourRussiansRNA.hpp */,
				C88476991E9033B300CDB8CC /* FourRussiansRNA.cpp */,
			);
			path = FourRussiansRNA;
			sourceTree = "<group>";
		};
/* End PBXGroup section */

/* Begin PBXNativeTarget section */
		C884768D1E9031BB00CDB8CC /* FourRussiansRNA */ = {
			isa = PBXNativeTarget;
			buildConfigurationList = C88476951E9031BB00CDB8CC /* Build configuration list for PBXNativeTarget "FourRussiansRNA" */;
			buildPhases = (
				C884768A1E9031BB00CDB8CC /* Sources */,
				C884768B1E9031BB00CDB8CC /* Frameworks */,
				C884768C1E9031BB00CDB8CC /* CopyFiles */,
			);
			buildRules = (
			);
			dependencies = (
			);
			name = FourRussiansRNA;
			productName = FourRussiansRNA;
			productReference = C884768E1E9031BB00CDB8CC /* FourRussiansRNA */;
			productType = "com.apple.product-type.tool";
		};
/* End PBXNativeTarget section */

/* Begin PBXProject section */
		C88476861E9031BB00CDB8CC /* Project object */ = {
			isa = PBXProject;
			attributes = {
				LastUpgradeCheck = 0810;
				ORGANIZATIONNAME = "Yann Dubois";
				TargetAttributes = {
					C884768D1E9031BB00CDB8CC = {
						CreatedOnToolsVersion = 8.1;
						ProvisioningStyle = Automatic;
					};
				};
			};
			buildConfigurationList = C88476891E9031BB00CDB8CC /* Build configuration list for PBXProject "FourRussiansRNA" */;
			compatibilityVersion = "Xcode 3.2";
			developmentRegion = English;
			hasScannedForEncodings = 0;
			knownRegions = (
				en,
			);
			mainGroup = C88476851E9031BB00CDB8CC;
			productRefGroup = C884768F1E9031BB00CDB8CC /* Products */;
			projectDirPath = "";
			projectRoot = "";
			targets = (
				C884768D1E9031BB00CDB8CC /* FourRussiansRNA */,
			);
		};
/* End PBXProject section */

/* Begin PBXSourcesBuildPhase section */
		C884768A1E9031BB00CDB8CC /* Sources */ = {
			isa = PBXSourcesBuildPhase;
			buildActionMask = 2147483647;
			files = (
				C88476921E9031BB00CDB8CC /* main.cpp in Sources */,
				C884769A1E9033B300CDB8CC /* FourRussiansRNA.cpp in Sources */,
			);
			runOnlyForDeploymentPostprocessing = 0;
		};
/* End PBXSourcesBuildPhase section */

/* Begin XCBuildConfiguration section */
		C88476931E9031BB00CDB8CC /* Debug */ = {
			isa = XCBuildConfiguration;
			buildSettings = {
				ALWAYS_SEARCH_USER_PATHS = NO;
				CLANG_ANALYZER_NONNULL = YES;
				CLANG_CXX_LANGUAGE_STANDARD = "gnu++0x";
				CLANG_CXX_LIBRARY = "libc++";
				CLANG_ENABLE_MODULES = YES;
				CLANG_ENABLE_OBJC_ARC = YES;
				CLANG_WARN_BOOL_CONVERSION = YES;
				CLANG_WARN_CONSTANT_CONVERSION = YES;
				CLANG_WARN_DIRECT_OBJC_ISA_USAGE = YES_ERROR;
				CLANG_WARN_DOCUMENTATION_COMMENTS = YES;
				CLANG_WARN_EMPTY_BODY = YES;
				CLANG_WARN_ENUM_CONVERSION = YES;
				CLANG_WARN_INFINITE_RECURSION = YES;
				CLANG_WARN_INT_CONVERSION = YES;
				CLANG_WARN_OBJC_ROOT_CLASS = YES_ERROR;
				CLANG_WARN_SUSPICIOUS_MOVES = YES;
				CLANG_WARN_UNREACHABLE_CODE = YES;
				CLANG_WARN__DUPLICATE_METHOD_MATCH = YES;
				CODE_SIGN_IDENTITY = "-";
				COPY_PHASE_STRIP = NO;
				DEBUG_INFORMATION_FORMAT = dwarf;
				ENABLE_STRICT_OBJC_MSGSEND = YES;
				ENABLE_TESTABILITY = YES;
				GCC_C_LANGUAGE_STANDARD = gnu99;
				GCC_DYNAMIC_NO_PIC = NO;
				GCC_NO_COMMON_BLOCKS = YES;
				GCC_OPTIMIZATION_LEVEL = 0;
				GCC_PREPROCESSOR_DEFINITIONS = (
					"DEBUG=1",
					"$(inherited)",
				);
				GCC_WARN_64_TO_32_BIT_CONVERSION = YES;
				GCC_WARN_ABOUT_RETURN_TYPE = YES_ERROR;
				GCC_WARN_UNDECLARED_SELECTOR = YES;
				GCC_WARN_UNINITIALIZED_AUTOS = YES_AGGRESSIVE;
				GCC_WARN_UNUSED_FUNCTION = YES;
				GCC_WARN_UNUSED_VARIABLE = YES;
				MACOSX_DEPLOYMENT_TARGET = 10.12;
				MTL_ENABLE_DEBUG_INFO = YES;
				ONLY_ACTIVE_ARCH = YES;
				SDKROOT = macosx;
			};
			name = Debug;
		};
		C88476941E9031BB00CDB8CC /* Release */ = {
			isa = XCBuildConfiguration;
			buildSettings = {
				ALWAYS_SEARCH_USER_PATHS = NO;
				CLANG_ANALYZER_NONNULL = YES;
				CLANG_CXX_LANGUAGE_STANDARD = "gnu++0x";
				CLANG_CXX_LIBRARY = "libc++";
				CLANG_ENABLE_MODULES = YES;
				CLANG_ENABLE_OBJC_ARC = YES;
				CLANG_WARN_BOOL_CONVERSION = YES;
				CLANG_WARN_CONSTANT_CONVERSION = YES;
				CLANG_WARN_DIRECT_OBJC_ISA_USAGE = YES_ERROR;
				CLANG_WARN_DOCUMENTATION_COMMENTS = YES;
				CLANG_WARN_EMPTY_BODY = YES;
				CLANG_WARN_ENUM_CONVERSION = YES;
				CLANG_WARN_INFINITE_RECURSION = YES;
				CLANG_WARN_INT_CONVERSION = YES;
				CLANG_WARN_OBJC_ROOT_CLASS = YES_ERROR;
				CLANG_WARN_SUSPICIOUS_MOVES = YES;
				CLANG_WARN_UNREACHABLE_CODE = YES;
				CLANG_WARN__DUPLICATE_METHOD_MATCH = YES;
				CODE_SIGN_IDENTITY = "-";
				COPY_PHASE_STRIP = NO;
				DEBUG_INFORMATION_FORMAT = "dwarf-with-dsym";
				ENABLE_NS_ASSERTIONS = NO;
				ENABLE_STRICT_OBJC_MSGSEND = YES;
				GCC_C_LANGUAGE_STANDARD = gnu99;
				GCC_NO_COMMON_BLOCKS = YES;
				GCC_WARN_64_TO_32_BIT_CONVERSION = YES;
				GCC_WARN_ABOUT_RETURN_TYPE = YES_ERROR;
				GCC_WARN_UNDECLARED_SELECTOR = YES;
				GCC_WARN_UNINITIALIZED_AUTOS = YES_AGGRESSIVE;
				GCC_WARN_UNUSED_FUNCTION = YES;
				GCC_WARN_UNUSED_VARIABLE = YES;
				MACOSX_DEPLOYMENT_TARGET = 10.12;
				MTL_ENABLE_DEBUG_INFO = NO;
				SDKROOT = macosx;
			};
			name = Release;
		};
		C88476961E9031BB00CDB8CC /* Debug */ = {
			isa = XCBuildConfiguration;
			buildSettings = {
				PRODUCT_NAME = "$(TARGET_NAME)";
			};
			name = Debug;
		};
		C88476971E9031BB00CDB8CC /* Release */ = {
			isa = XCBuildConfiguration;
			buildSettings = {
				PRODUCT_NAME = "$(TARGET_NAME)";
			};
			name = Release;
		};
/* End XCBuildConfiguration section */

/* Begin XCConfigurationList section */
		C88476891E9031BB00CDB8CC /* Build configuration list for PBXProject "FourRussiansRNA" */ = {
			isa = XCConfigurationList;
			buildConfigurations = (
				C88476931E9031BB00CDB8CC /* Debug */,
				C88476941E9031BB00CDB8CC /* Release */,
			);
			defaultConfigurationIsVisible = 0;
			defaultConfigurationName = Release;
		};
		C88476951E9031BB00CDB8CC /* Build configuration list for PBXNativeTarget "FourRussiansRNA" */ = {
			isa = XCConfigurationList;
			buildConfigurations = (
				C88476961E9031BB00CDB8CC /* Debug */,
				C88476971E9031BB00CDB8CC /* Release */,
			);
			defaultConfigurationIsVisible = 0;
		};
/* End XCConfigurationList section */
	};
	rootObject = C88476861E9031BB00CDB8CC /* Project object */;
}
